// !$*UTF8*$!
{
	archiveVersion = 1;
	classes = {
	};
	objectVersion = 46;
	objects = {

/* Begin PBXBuildFile section */
		F462241E1B6786970028E2F5 /* TableViewController.swift in Sources */ = {isa = PBXBuildFile; fileRef = F462241D1B6786970028E2F5 /* TableViewController.swift */; };
		F46224201B6787610028E2F5 /* apps.plist in Resources */ = {isa = PBXBuildFile; fileRef = F462241F1B6787610028E2F5 /* apps.plist */; };
		F46224221B6787730028E2F5 /* AppInfo.swift in Sources */ = {isa = PBXBuildFile; fileRef = F46224211B6787730028E2F5 /* AppInfo.swift */; };
		F46224241B67881C0028E2F5 /* Cell.swift in Sources */ = {isa = PBXBuildFile; fileRef = F46224231B67881C0028E2F5 /* Cell.swift */; };
		F4BD24FE1B678039004707A4 /* AppDelegate.swift in Sources */ = {isa = PBXBuildFile; fileRef = F4BD24FD1B678039004707A4 /* AppDelegate.swift */; };
		F4BD25031B678039004707A4 /* Main.storyboard in Resources */ = {isa = PBXBuildFile; fileRef = F4BD25011B678039004707A4 /* Main.storyboard */; };
		F4BD25051B678039004707A4 /* Assets.xcassets in Resources */ = {isa = PBXBuildFile; fileRef = F4BD25041B678039004707A4 /* Assets.xcassets */; };
		F4BD25081B678039004707A4 /* LaunchScreen.storyboard in Resources */ = {isa = PBXBuildFile; fileRef = F4BD25061B678039004707A4 /* LaunchScreen.storyboard */; };
		F4BD25141B67804F004707A4 /* LIJOperation.swift in Sources */ = {isa = PBXBuildFile; fileRef = F4BD25101B67804F004707A4 /* LIJOperation.swift */; };
		F4BD25151B67804F004707A4 /* String+Path.swift in Sources */ = {isa = PBXBuildFile; fileRef = F4BD25111B67804F004707A4 /* String+Path.swift */; };
		F4BD25161B67804F004707A4 /* UIImageView+WebImage.swift in Sources */ = {isa = PBXBuildFile; fileRef = F4BD25121B67804F004707A4 /* UIImageView+WebImage.swift */; };
		F4BD25171B67804F004707A4 /* WebImageManager.swift in Sources */ = {isa = PBXBuildFile; fileRef = F4BD25131B67804F004707A4 /* WebImageManager.swift */; };
/* End PBXBuildFile section */

/* Begin PBXFileReference section */
		F462241D1B6786970028E2F5 /* TableViewController.swift */ = {isa = PBXFileReference; fileEncoding = 4; lastKnownFileType = sourcecode.swift; path = TableViewController.swift; sourceTree = "<group>"; };
		F462241F1B6787610028E2F5 /* apps.plist */ = {isa = PBXFileReference; fileEncoding = 4; lastKnownFileType = text.plist.xml; path = apps.plist; sourceTree = "<group>"; };
		F46224211B6787730028E2F5 /* AppInfo.swift */ = {isa = PBXFileReference; fileEncoding = 4; lastKnownFileType = sourcecode.swift; path = AppInfo.swift; sourceTree = "<group>"; };
		F46224231B67881C0028E2F5 /* Cell.swift */ = {isa = PBXFileReference; fileEncoding = 4; lastKnownFileType = sourcecode.swift; path = Cell.swift; sourceTree = "<group>"; };
		F4BD24FA1B678039004707A4 /* LJWebImage.app */ = {isa = PBXFileReference; explicitFileType = wrapper.application; includeInIndex = 0; path = LJWebImage.app; sourceTree = BUILT_PRODUCTS_DIR; };
		F4BD24FD1B678039004707A4 /* AppDelegate.swift */ = {isa = PBXFileReference; lastKnownFileType = sourcecode.swift; path = AppDelegate.swift; sourceTree = "<group>"; };
		F4BD25021B678039004707A4 /* Base */ = {isa = PBXFileReference; lastKnownFileType = file.storyboard; name = Base; path = Base.lproj/Main.storyboard; sourceTree = "<group>"; };
		F4BD25041B678039004707A4 /* Assets.xcassets */ = {isa = PBXFileReference; lastKnownFileType = folder.assetcatalog; path = Assets.xcassets; sourceTree = "<group>"; };
		F4BD25071B678039004707A4 /* Base */ = {isa = PBXFileReference; lastKnownFileType = file.storyboard; name = Base; path = Base.lproj/LaunchScreen.storyboard; sourceTree = "<group>"; };
		F4BD25091B678039004707A4 /* Info.plist */ = {isa = PBXFileReference; lastKnownFileType = text.plist.xml; path = Info.plist; sourceTree = "<group>"; };
		F4BD25101B67804F004707A4 /* LIJOperation.swift */ = {isa = PBXFileReference; fileEncoding = 4; lastKnownFileType = sourcecode.swift; path = LIJOperation.swift; sourceTree = "<group>"; };
		F4BD25111B67804F004707A4 /* String+Path.swift */ = {isa = PBXFileReference; fileEncoding = 4; lastKnownFileType = sourcecode.swift; path = "String+Path.swift"; sourceTree = "<group>"; };
		F4BD25121B67804F004707A4 /* UIImageView+WebImage.swift */ = {isa = PBXFileReference; fileEncoding = 4; lastKnownFileType = sourcecode.swift; path = "UIImageView+WebImage.swift"; sourceTree = "<group>"; };
		F4BD25131B67804F004707A4 /* WebImageManager.swift */ = {isa = PBXFileReference; fileEncoding = 4; lastKnownFileType = sourcecode.swift; path = WebImageManager.swift; sourceTree = "<group>"; };
/* End PBXFileReference section */

/* Begin PBXFrameworksBuildPhase section */
		F4BD24F71B678039004707A4 /* Frameworks */ = {
			isa = PBXFrameworksBuildPhase;
			buildActionMask = 2147483647;
			files = (
			);
			runOnlyForDeploymentPostprocessing = 0;
		};
/* End PBXFrameworksBuildPhase section */

/* Begin PBXGroup section */
		F4BD24F11B678039004707A4 = {
			isa = PBXGroup;
			children = (
				F4BD24FC1B678039004707A4 /* LJWebImage */,
				F4BD24FB1B678039004707A4 /* Products */,
			);
			sourceTree = "<group>";
		};
		F4BD24FB1B678039004707A4 /* Products */ = {
			isa = PBXGroup;
			children = (
				F4BD24FA1B678039004707A4 /* LJWebImage.app */,
			);
			name = Products;
			sourceTree = "<group>";
		};
		F4BD24FC1B678039004707A4 /* LJWebImage */ = {
			isa = PBXGroup;
			children = (
				F4BD250F1B67804F004707A4 /* LIJWebImage */,
				F4BD24FD1B678039004707A4 /* AppDelegate.swift */,
				F46224211B6787730028E2F5 /* AppInfo.swift */,
				F462241D1B6786970028E2F5 /* TableViewController.swift */,
				F46224231B67881C0028E2F5 /* Cell.swift */,
				F4BD25011B678039004707A4 /* Main.storyboard */,
				F4BD25041B678039004707A4 /* Assets.xcassets */,
				F4BD25061B678039004707A4 /* LaunchScreen.storyboard */,
				F462241F1B6787610028E2F5 /* apps.plist */,
				F4BD25091B678039004707A4 /* Info.plist */,
			);
			path = LJWebImage;
			sourceTree = "<group>";
		};
		F4BD250F1B67804F004707A4 /* LIJWebImage */ = {
			isa = PBXGroup;
			children = (
				F4BD25101B67804F004707A4 /* LIJOperation.swift */,
				F4BD25111B67804F004707A4 /* String+Path.swift */,
				F4BD25121B67804F004707A4 /* UIImageView+WebImage.swift */,
				F4BD25131B67804F004707A4 /* WebImageManager.swift */,
			);
			path = LIJWebImage;
			sourceTree = "<group>";
		};
/* End PBXGroup section */

/* Begin PBXNativeTarget section */
		F4BD24F91B678039004707A4 /* LJWebImage */ = {
			isa = PBXNativeTarget;
			buildConfigurationList = F4BD250C1B678039004707A4 /* Build configuration list for PBXNativeTarget "LJWebImage" */;
			buildPhases = (
				F4BD24F61B678039004707A4 /* Sources */,
				F4BD24F71B678039004707A4 /* Frameworks */,
				F4BD24F81B678039004707A4 /* Resources */,
			);
			buildRules = (
			);
			dependencies = (
			);
			name = LJWebImage;
			productName = LJWebImage;
			productReference = F4BD24FA1B678039004707A4 /* LJWebImage.app */;
			productType = "com.apple.product-type.application";
		};
/* End PBXNativeTarget section */

/* Begin PBXProject section */
		F4BD24F21B678039004707A4 /* Project object */ = {
			isa = PBXProject;
			attributes = {
				LastUpgradeCheck = 0700;
				ORGANIZATIONNAME = " 李俊";
				TargetAttributes = {
					F4BD24F91B678039004707A4 = {
						CreatedOnToolsVersion = 7.0;
					};
				};
			};
			buildConfigurationList = F4BD24F51B678039004707A4 /* Build configuration list for PBXProject "LJWebImage" */;
			compatibilityVersion = "Xcode 3.2";
			developmentRegion = English;
			hasScannedForEncodings = 0;
			knownRegions = (
				en,
				Base,
			);
			mainGroup = F4BD24F11B678039004707A4;
			productRefGroup = F4BD24FB1B678039004707A4 /* Products */;
			projectDirPath = "";
			projectRoot = "";
			targets = (
				F4BD24F91B678039004707A4 /* LJWebImage */,
			);
		};
/* End PBXProject section */

/* Begin PBXResourcesBuildPhase section */
		F4BD24F81B678039004707A4 /* Resources */ = {
			isa = PBXResourcesBuildPhase;
			buildActionMask = 2147483647;
			files = (
				F46224201B6787610028E2F5 /* apps.plist in Resources */,
				F4BD25081B678039004707A4 /* LaunchScreen.storyboard in Resources */,
				F4BD25051B678039004707A4 /* Assets.xcassets in Resources */,
				F4BD25031B678039004707A4 /* Main.storyboard in Resources */,
			);
			runOnlyForDeploymentPostprocessing = 0;
		};
/* End PBXResourcesBuildPhase section */

/* Begin PBXSourcesBuildPhase section */
		F4BD24F61B678039004707A4 /* Sources */ = {
			isa = PBXSourcesBuildPhase;
			buildActionMask = 2147483647;
			files = (
				F4BD25171B67804F004707A4 /* WebImageManager.swift in Sources */,
				F462241E1B6786970028E2F5 /* TableViewController.swift in Sources */,
				F4BD25141B67804F004707A4 /* LIJOperation.swift in Sources */,
				F4BD25161B67804F004707A4 /* UIImageView+WebImage.swift in Sources */,
				F4BD24FE1B678039004707A4 /* AppDelegate.swift in Sources */,
				F46224241B67881C0028E2F5 /* Cell.swift in Sources */,
				F4BD25151B67804F004707A4 /* String+Path.swift in Sources */,
				F46224221B6787730028E2F5 /* AppInfo.swift in Sources */,
			);
			runOnlyForDeploymentPostprocessing = 0;
		};
/* End PBXSourcesBuildPhase section */

/* Begin PBXVariantGroup section */
		F4BD25011B678039004707A4 /* Main.storyboard */ = {
			isa = PBXVariantGroup;
			children = (
				F4BD25021B678039004707A4 /* Base */,
			);
			name = Main.storyboard;
			sourceTree = "<group>";
		};
		F4BD25061B678039004707A4 /* LaunchScreen.storyboard */ = {
			isa = PBXVariantGroup;
			children = (
				F4BD25071B678039004707A4 /* Base */,
			);
			name = LaunchScreen.storyboard;
			sourceTree = "<group>";
		};
/* End PBXVariantGroup section */

/* Begin XCBuildConfiguration section */
		F4BD250A1B678039004707A4 /* Debug */ = {
			isa = XCBuildConfiguration;
			buildSettings = {
				ALWAYS_SEARCH_USER_PATHS = NO;
				CLANG_CXX_LANGUAGE_STANDARD = "gnu++0x";
				CLANG_CXX_LIBRARY = "libc++";
				CLANG_ENABLE_MODULES = YES;
				CLANG_ENABLE_OBJC_ARC = YES;
				CLANG_WARN_BOOL_CONVERSION = YES;
				CLANG_WARN_CONSTANT_CONVERSION = YES;
				CLANG_WARN_DIRECT_OBJC_ISA_USAGE = YES_ERROR;
				CLANG_WARN_EMPTY_BODY = YES;
				CLANG_WARN_ENUM_CONVERSION = YES;
				CLANG_WARN_INT_CONVERSION = YES;
				CLANG_WARN_OBJC_ROOT_CLASS = YES_ERROR;
				CLANG_WARN_UNREACHABLE_CODE = YES;
				CLANG_WARN__DUPLICATE_METHOD_MATCH = YES;
				"CODE_SIGN_IDENTITY[sdk=iphoneos*]" = "iPhone Developer";
				COPY_PHASE_STRIP = NO;
				DEBUG_INFORMATION_FORMAT = dwarf;
				ENABLE_STRICT_OBJC_MSGSEND = YES;
				ENABLE_TESTABILITY = YES;
				GCC_C_LANGUAGE_STANDARD = gnu99;
				GCC_DYNAMIC_NO_PIC = NO;
				GCC_NO_COMMON_BLOCKS = YES;
				GCC_OPTIMIZATION_LEVEL = 0;
				GCC_PREPROCESSOR_DEFINITIONS = (
					"DEBUG=1",
					"$(inherited)",
				);
				GCC_WARN_64_TO_32_BIT_CONVERSION = YES;
				GCC_WARN_ABOUT_RETURN_TYPE = YES_ERROR;
				GCC_WARN_UNDECLARED_SELECTOR = YES;
				GCC_WARN_UNINITIALIZED_AUTOS = YES_AGGRESSIVE;
				GCC_WARN_UNUSED_FUNCTION = YES;
				GCC_WARN_UNUSED_VARIABLE = YES;
				IPHONEOS_DEPLOYMENT_TARGET = 9.0;
				MTL_ENABLE_DEBUG_INFO = YES;
				ONLY_ACTIVE_ARCH = YES;
				SDKROOT = iphoneos;
				SWIFT_OPTIMIZATION_LEVEL = "-Onone";
			};
			name = Debug;
		};
		F4BD250B1B678039004707A4 /* Release */ = {
			isa = XCBuildConfiguration;
			buildSettings = {
				ALWAYS_SEARCH_USER_PATHS = NO;
				CLANG_CXX_LANGUAGE_STANDARD = "gnu++0x";
				CLANG_CXX_LIBRARY = "libc++";
				CLANG_ENABLE_MODULES = YES;
				CLANG_ENABLE_OBJC_ARC = YES;
				CLANG_WARN_BOOL_CONVERSION = YES;
				CLANG_WARN_CONSTANT_CONVERSION = YES;
				CLANG_WARN_DIRECT_OBJC_ISA_USAGE = YES_ERROR;
				CLANG_WARN_EMPTY_BODY = YES;
				CLANG_WARN_ENUM_CONVERSION = YES;
				CLANG_WARN_INT_CONVERSION = YES;
				CLANG_WARN_OBJC_ROOT_CLASS = YES_ERROR;
				CLANG_WARN_UNREACHABLE_CODE = YES;
				CLANG_WARN__DUPLICATE_METHOD_MATCH = YES;
				"CODE_SIGN_IDENTITY[sdk=iphoneos*]" = "iPhone Developer";
				COPY_PHASE_STRIP = NO;
				DEBUG_INFORMATION_FORMAT = "dwarf-with-dsym";
				ENABLE_NS_ASSERTIONS = NO;
				ENABLE_STRICT_OBJC_MSGSEND = YES;
				GCC_C_LANGUAGE_STANDARD = gnu99;
				GCC_NO_COMMON_BLOCKS = YES;
				GCC_WARN_64_TO_32_BIT_CONVERSION = YES;
				GCC_WARN_ABOUT_RETURN_TYPE = YES_ERROR;
				GCC_WARN_UNDECLARED_SELECTOR = YES;
				GCC_WARN_UNINITIALIZED_AUTOS = YES_AGGRESSIVE;
				GCC_WARN_UNUSED_FUNCTION = YES;
				GCC_WARN_UNUSED_VARIABLE = YES;
				IPHONEOS_DEPLOYMENT_TARGET = 9.0;
				MTL_ENABLE_DEBUG_INFO = NO;
				SDKROOT = iphoneos;
				VALIDATE_PRODUCT = YES;
			};
			name = Release;
		};
		F4BD250D1B678039004707A4 /* Debug */ = {
			isa = XCBuildConfiguration;
			buildSettings = {
				ASSETCATALOG_COMPILER_APPICON_NAME = AppIcon;
				INFOPLIST_FILE = LJWebImage/Info.plist;
				LD_RUNPATH_SEARCH_PATHS = "$(inherited) @executable_path/Frameworks";
				PRODUCT_BUNDLE_IDENTIFIER = com.likumb.LJWebImage;
				PRODUCT_NAME = "$(TARGET_NAME)";
			};
			name = Debug;
		};
		F4BD250E1B678039004707A4 /* Release */ = {
			isa = XCBuildConfiguration;
			buildSettings = {
				ASSETCATALOG_COMPILER_APPICON_NAME = AppIcon;
				INFOPLIST_FILE = LJWebImage/Info.plist;
				LD_RUNPATH_SEARCH_PATHS = "$(inherited) @executable_path/Frameworks";
				PRODUCT_BUNDLE_IDENTIFIER = com.likumb.LJWebImage;
				PRODUCT_NAME = "$(TARGET_NAME)";
			};
			name = Release;
		};
/* End XCBuildConfiguration section */

/* Begin XCConfigurationList section */
		F4BD24F51B678039004707A4 /* Build configuration list for PBXProject "LJWebImage" */ = {
			isa = XCConfigurationList;
			buildConfigurations = (
				F4BD250A1B678039004707A4 /* Debug */,
				F4BD250B1B678039004707A4 /* Release */,
			);
			defaultConfigurationIsVisible = 0;
			defaultConfigurationName = Release;
		};
		F4BD250C1B678039004707A4 /* Build configuration list for PBXNativeTarget "LJWebImage" */ = {
			isa = XCConfigurationList;
			buildConfigurations = (
				F4BD250D1B678039004707A4 /* Debug */,
				F4BD250E1B678039004707A4 /* Release */,
			);
			defaultConfigurationIsVisible = 0;
			defaultConfigurationName = Release;
		};
/* End XCConfigurationList section */
	};
	rootObject = F4BD24F21B678039004707A4 /* Project object */;
}
